
Microsoft Visual Studio Solution File, Format Version 10.00
# Visual Studio 2008
Project("{FAE04EC0-301F-11D3-BF4B-00C04F79EFBC}") = "FullWeb", "FullWeb\FullWeb.csproj", "{F0A0DA04-CB1D-42E2-84B9-6A5A09D3154F}"
EndProject
Global
	GlobalSection(SolutionConfigurationPlatforms) = preSolution
		Debug|Any CPU = Debug|Any CPU
		Release|Any CPU = Release|Any CPU
	EndGlobalSection
	GlobalSection(ProjectConfigurationPlatforms) = postSolution
		{F0A0DA04-CB1D-42E2-84B9-6A5A09D3154F}.Debug|Any CPU.ActiveCfg = Debug|Any CPU
		{F0A0DA04-CB1D-42E2-84B9-6A5A09D3154F}.Debug|Any CPU.Build.0 = Debug|Any CPU
		{F0A0DA04-CB1D-42E2-84B9-6A5A09D3154F}.Release|Any CPU.ActiveCfg = Release|Any CPU
		{F0A0DA04-CB1D-42E2-84B9-6A5A09D3154F}.Release|Any CPU.Build.0 = Release|Any CPU
	EndGlobalSection
	GlobalSection(SolutionProperties) = preSolution
		HideSolutionNode = FALSE
	EndGlobalSection
EndGlobal
